
Microsoft Visual Studio Solution File, Format Version 12.00
# Visual Studio Version 16
VisualStudioVersion = 16.0.30711.63
MinimumVisualStudioVersion = 10.0.40219.1
Project("{FAE04EC0-301F-11D3-BF4B-00C04F79EFBC}") = "WindowsFormsApp1", "WindowsFormsApp1.csproj", "{6AE7B3CD-1D82-4382-9994-EC8394CA8D5F}"
EndProject
Global
	GlobalSection(SolutionConfigurationPlatforms) = preSolution
		Debug|Any CPU = Debug|Any CPU
		Release|Any CPU = Release|Any CPU
	EndGlobalSection
	GlobalSection(ProjectConfigurationPlatforms) = postSolution
		{6AE7B3CD-1D82-4382-9994-EC8394CA8D5F}.Debug|Any CPU.ActiveCfg = Debug|Any CPU
		{6AE7B3CD-1D82-4382-9994-EC8394CA8D5F}.Debug|Any CPU.Build.0 = Debug|Any CPU
		{6AE7B3CD-1D82-4382-9994-EC8394CA8D5F}.Release|Any CPU.ActiveCfg = Release|Any CPU
		{6AE7B3CD-1D82-4382-9994-EC8394CA8D5F}.Release|Any CPU.Build.0 = Release|Any CPU
	EndGlobalSection
	GlobalSection(SolutionProperties) = preSolution
		HideSolutionNode = FALSE
	EndGlobalSection
	GlobalSection(ExtensibilityGlobals) = postSolution
		SolutionGuid = {099960B4-045E-416B-855E-052A93CCAE6F}
	EndGlobalSection
EndGlobal
